
Microsoft Visual Studio Solution File, Format Version 12.00
# Visual Studio Version 16
VisualStudioVersion = 16.0.29519.181
MinimumVisualStudioVersion = 10.0.40219.1
Project("{F184B08F-C81C-45F6-A57F-5ABD9991F28F}") = "APP", "APP.vbproj", "{BBAC3C44-BEB0-4360-9BBB-80986F8017EB}"
EndProject
Global
	GlobalSection(SolutionConfigurationPlatforms) = preSolution
		Debug|Any CPU = Debug|Any CPU
		Release|Any CPU = Release|Any CPU
	EndGlobalSection
	GlobalSection(ProjectConfigurationPlatforms) = postSolution
		{BBAC3C44-BEB0-4360-9BBB-80986F8017EB}.Debug|Any CPU.ActiveCfg = Release|Any CPU
		{BBAC3C44-BEB0-4360-9BBB-80986F8017EB}.Debug|Any CPU.Build.0 = Release|Any CPU
		{BBAC3C44-BEB0-4360-9BBB-80986F8017EB}.Release|Any CPU.ActiveCfg = Release|Any CPU
		{BBAC3C44-BEB0-4360-9BBB-80986F8017EB}.Release|Any CPU.Build.0 = Release|Any CPU
	EndGlobalSection
	GlobalSection(SolutionProperties) = preSolution
		HideSolutionNode = FALSE
	EndGlobalSection
	GlobalSection(ExtensibilityGlobals) = postSolution
		SolutionGuid = {52C57B33-E0E7-43C3-82DB-01A5F037A7DB}
	EndGlobalSection
EndGlobal
